
Microsoft Visual Studio Solution File, Format Version 12.00
# Visual Studio 15
VisualStudioVersion = 15.0.26124.0
MinimumVisualStudioVersion = 15.0.26124.0
Project("{FAE04EC0-301F-11D3-BF4B-00C04F79EFBC}") = "Persistence", "Persistence\Persistence.csproj", "{AA833C0B-7067-40B9-9A7C-BA6D77F76466}"
EndProject
Project("{FAE04EC0-301F-11D3-BF4B-00C04F79EFBC}") = "DAL", "DAL\DAL.csproj", "{A91B6F98-B127-457B-8F08-8BB37362749B}"
EndProject
Project("{FAE04EC0-301F-11D3-BF4B-00C04F79EFBC}") = "DAL.TEST", "DAL.TEST\DAL.TEST.csproj", "{0105B621-F98A-465D-92B2-C43DFB6D85E5}"
EndProject
Project("{FAE04EC0-301F-11D3-BF4B-00C04F79EFBC}") = "BL", "BL\BL.csproj", "{7950D0D3-5FB1-468D-984E-B9FDA8F30828}"
EndProject
Project("{FAE04EC0-301F-11D3-BF4B-00C04F79EFBC}") = "BL.Test", "BL.Test\BL.Test.csproj", "{52D3D089-D921-4661-90EE-D7586D1DCA0B}"
EndProject
Project("{FAE04EC0-301F-11D3-BF4B-00C04F79EFBC}") = "PL_Console", "PL_Console\PL_Console.csproj", "{E0CF1B10-037D-41A4-A876-C53008FFD5E6}"
EndProject
Global
	GlobalSection(SolutionConfigurationPlatforms) = preSolution
		Debug|Any CPU = Debug|Any CPU
		Debug|x64 = Debug|x64
		Debug|x86 = Debug|x86
		Release|Any CPU = Release|Any CPU
		Release|x64 = Release|x64
		Release|x86 = Release|x86
	EndGlobalSection
	GlobalSection(SolutionProperties) = preSolution
		HideSolutionNode = FALSE
	EndGlobalSection
	GlobalSection(ProjectConfigurationPlatforms) = postSolution
		{AA833C0B-7067-40B9-9A7C-BA6D77F76466}.Debug|Any CPU.ActiveCfg = Debug|Any CPU
		{AA833C0B-7067-40B9-9A7C-BA6D77F76466}.Debug|Any CPU.Build.0 = Debug|Any CPU
		{AA833C0B-7067-40B9-9A7C-BA6D77F76466}.Debug|x64.ActiveCfg = Debug|Any CPU
		{AA833C0B-7067-40B9-9A7C-BA6D77F76466}.Debug|x64.Build.0 = Debug|Any CPU
		{AA833C0B-7067-40B9-9A7C-BA6D77F76466}.Debug|x86.ActiveCfg = Debug|Any CPU
		{AA833C0B-7067-40B9-9A7C-BA6D77F76466}.Debug|x86.Build.0 = Debug|Any CPU
		{AA833C0B-7067-40B9-9A7C-BA6D77F76466}.Release|Any CPU.ActiveCfg = Release|Any CPU
		{AA833C0B-7067-40B9-9A7C-BA6D77F76466}.Release|Any CPU.Build.0 = Release|Any CPU
		{AA833C0B-7067-40B9-9A7C-BA6D77F76466}.Release|x64.ActiveCfg = Release|Any CPU
		{AA833C0B-7067-40B9-9A7C-BA6D77F76466}.Release|x64.Build.0 = Release|Any CPU
		{AA833C0B-7067-40B9-9A7C-BA6D77F76466}.Release|x86.ActiveCfg = Release|Any CPU
		{AA833C0B-7067-40B9-9A7C-BA6D77F76466}.Release|x86.Build.0 = Release|Any CPU
		{A91B6F98-B127-457B-8F08-8BB37362749B}.Debug|Any CPU.ActiveCfg = Debug|Any CPU
		{A91B6F98-B127-457B-8F08-8BB37362749B}.Debug|Any CPU.Build.0 = Debug|Any CPU
		{A91B6F98-B127-457B-8F08-8BB37362749B}.Debug|x64.ActiveCfg = Debug|Any CPU
		{A91B6F98-B127-457B-8F08-8BB37362749B}.Debug|x64.Build.0 = Debug|Any CPU
		{A91B6F98-B127-457B-8F08-8BB37362749B}.Debug|x86.ActiveCfg = Debug|Any CPU
		{A91B6F98-B127-457B-8F08-8BB37362749B}.Debug|x86.Build.0 = Debug|Any CPU
		{A91B6F98-B127-457B-8F08-8BB37362749B}.Release|Any CPU.ActiveCfg = Release|Any CPU
		{A91B6F98-B127-457B-8F08-8BB37362749B}.Release|Any CPU.Build.0 = Release|Any CPU
		{A91B6F98-B127-457B-8F08-8BB37362749B}.Release|x64.ActiveCfg = Release|Any CPU
		{A91B6F98-B127-457B-8F08-8BB37362749B}.Release|x64.Build.0 = Release|Any CPU
		{A91B6F98-B127-457B-8F08-8BB37362749B}.Release|x86.ActiveCfg = Release|Any CPU
		{A91B6F98-B127-457B-8F08-8BB37362749B}.Release|x86.Build.0 = Release|Any CPU
		{0105B621-F98A-465D-92B2-C43DFB6D85E5}.Debug|Any CPU.ActiveCfg = Debug|Any CPU
		{0105B621-F98A-465D-92B2-C43DFB6D85E5}.Debug|Any CPU.Build.0 = Debug|Any CPU
		{0105B621-F98A-465D-92B2-C43DFB6D85E5}.Debug|x64.ActiveCfg = Debug|Any CPU
		{0105B621-F98A-465D-92B2-C43DFB6D85E5}.Debug|x64.Build.0 = Debug|Any CPU
		{0105B621-F98A-465D-92B2-C43DFB6D85E5}.Debug|x86.ActiveCfg = Debug|Any CPU
		{0105B621-F98A-465D-92B2-C43DFB6D85E5}.Debug|x86.Build.0 = Debug|Any CPU
		{0105B621-F98A-465D-92B2-C43DFB6D85E5}.Release|Any CPU.ActiveCfg = Release|Any CPU
		{0105B621-F98A-465D-92B2-C43DFB6D85E5}.Release|Any CPU.Build.0 = Release|Any CPU
		{0105B621-F98A-465D-92B2-C43DFB6D85E5}.Release|x64.ActiveCfg = Release|Any CPU
		{0105B621-F98A-465D-92B2-C43DFB6D85E5}.Release|x64.Build.0 = Release|Any CPU
		{0105B621-F98A-465D-92B2-C43DFB6D85E5}.Release|x86.ActiveCfg = Release|Any CPU
		{0105B621-F98A-465D-92B2-C43DFB6D85E5}.Release|x86.Build.0 = Release|Any CPU
		{7950D0D3-5FB1-468D-984E-B9FDA8F30828}.Debug|Any CPU.ActiveCfg = Debug|Any CPU
		{7950D0D3-5FB1-468D-984E-B9FDA8F30828}.Debug|Any CPU.Build.0 = Debug|Any CPU
		{7950D0D3-5FB1-468D-984E-B9FDA8F30828}.Debug|x64.ActiveCfg = Debug|Any CPU
		{7950D0D3-5FB1-468D-984E-B9FDA8F30828}.Debug|x64.Build.0 = Debug|Any CPU
		{7950D0D3-5FB1-468D-984E-B9FDA8F30828}.Debug|x86.ActiveCfg = Debug|Any CPU
		{7950D0D3-5FB1-468D-984E-B9FDA8F30828}.Debug|x86.Build.0 = Debug|Any CPU
		{7950D0D3-5FB1-468D-984E-B9FDA8F30828}.Release|Any CPU.ActiveCfg = Release|Any CPU
		{7950D0D3-5FB1-468D-984E-B9FDA8F30828}.Release|Any CPU.Build.0 = Release|Any CPU
		{7950D0D3-5FB1-468D-984E-B9FDA8F30828}.Release|x64.ActiveCfg = Release|Any CPU
		{7950D0D3-5FB1-468D-984E-B9FDA8F30828}.Release|x64.Build.0 = Release|Any CPU
		{7950D0D3-5FB1-468D-984E-B9FDA8F30828}.Release|x86.ActiveCfg = Release|Any CPU
		{7950D0D3-5FB1-468D-984E-B9FDA8F30828}.Release|x86.Build.0 = Release|Any CPU
		{52D3D089-D921-4661-90EE-D7586D1DCA0B}.Debug|Any CPU.ActiveCfg = Debug|Any CPU
		{52D3D089-D921-4661-90EE-D7586D1DCA0B}.Debug|Any CPU.Build.0 = Debug|Any CPU
		{52D3D089-D921-4661-90EE-D7586D1DCA0B}.Debug|x64.ActiveCfg = Debug|Any CPU
		{52D3D089-D921-4661-90EE-D7586D1DCA0B}.Debug|x64.Build.0 = Debug|Any CPU
		{52D3D089-D921-4661-90EE-D7586D1DCA0B}.Debug|x86.ActiveCfg = Debug|Any CPU
		{52D3D089-D921-4661-90EE-D7586D1DCA0B}.Debug|x86.Build.0 = Debug|Any CPU
		{52D3D089-D921-4661-90EE-D7586D1DCA0B}.Release|Any CPU.ActiveCfg = Release|Any CPU
		{52D3D089-D921-4661-90EE-D7586D1DCA0B}.Release|Any CPU.Build.0 = Release|Any CPU
		{52D3D089-D921-4661-90EE-D7586D1DCA0B}.Release|x64.ActiveCfg = Release|Any CPU
		{52D3D089-D921-4661-90EE-D7586D1DCA0B}.Release|x64.Build.0 = Release|Any CPU
		{52D3D089-D921-4661-90EE-D7586D1DCA0B}.Release|x86.ActiveCfg = Release|Any CPU
		{52D3D089-D921-4661-90EE-D7586D1DCA0B}.Release|x86.Build.0 = Release|Any CPU
		{E0CF1B10-037D-41A4-A876-C53008FFD5E6}.Debug|Any CPU.ActiveCfg = Debug|Any CPU
		{E0CF1B10-037D-41A4-A876-C53008FFD5E6}.Debug|Any CPU.Build.0 = Debug|Any CPU
		{E0CF1B10-037D-41A4-A876-C53008FFD5E6}.Debug|x64.ActiveCfg = Debug|Any CPU
		{E0CF1B10-037D-41A4-A876-C53008FFD5E6}.Debug|x64.Build.0 = Debug|Any CPU
		{E0CF1B10-037D-41A4-A876-C53008FFD5E6}.Debug|x86.ActiveCfg = Debug|Any CPU
		{E0CF1B10-037D-41A4-A876-C53008FFD5E6}.Debug|x86.Build.0 = Debug|Any CPU
		{E0CF1B10-037D-41A4-A876-C53008FFD5E6}.Release|Any CPU.ActiveCfg = Release|Any CPU
		{E0CF1B10-037D-41A4-A876-C53008FFD5E6}.Release|Any CPU.Build.0 = Release|Any CPU
		{E0CF1B10-037D-41A4-A876-C53008FFD5E6}.Release|x64.ActiveCfg = Release|Any CPU
		{E0CF1B10-037D-41A4-A876-C53008FFD5E6}.Release|x64.Build.0 = Release|Any CPU
		{E0CF1B10-037D-41A4-A876-C53008FFD5E6}.Release|x86.ActiveCfg = Release|Any CPU
		{E0CF1B10-037D-41A4-A876-C53008FFD5E6}.Release|x86.Build.0 = Release|Any CPU
	EndGlobalSection
EndGlobal
